
Microsoft Visual Studio Solution File, Format Version 12.00
# Visual Studio Version 17
VisualStudioVersion = 17.8.34511.84
MinimumVisualStudioVersion = 10.0.40219.1
Project("{FAE04EC0-301F-11D3-BF4B-00C04F79EFBC}") = "SalesWebMvc", "SalesWebMvc\SalesWebMvc.csproj", "{94364664-387A-49C6-B95C-08D481841256}"
EndProject
Global
	GlobalSection(SolutionConfigurationPlatforms) = preSolution
		Debug|Any CPU = Debug|Any CPU
		Release|Any CPU = Release|Any CPU
	EndGlobalSection
	GlobalSection(ProjectConfigurationPlatforms) = postSolution
		{94364664-387A-49C6-B95C-08D481841256}.Debug|Any CPU.ActiveCfg = Debug|Any CPU
		{94364664-387A-49C6-B95C-08D481841256}.Debug|Any CPU.Build.0 = Debug|Any CPU
		{94364664-387A-49C6-B95C-08D481841256}.Release|Any CPU.ActiveCfg = Release|Any CPU
		{94364664-387A-49C6-B95C-08D481841256}.Release|Any CPU.Build.0 = Release|Any CPU
	EndGlobalSection
	GlobalSection(SolutionProperties) = preSolution
		HideSolutionNode = FALSE
	EndGlobalSection
	GlobalSection(ExtensibilityGlobals) = postSolution
		SolutionGuid = {643F632C-D0C2-49B1-A6C6-41E17CD2CDA9}
	EndGlobalSection
EndGlobal
